
Microsoft Visual Studio Solution File, Format Version 12.00
# Visual Studio Version 17
VisualStudioVersion = 17.9.34714.143
MinimumVisualStudioVersion = 10.0.40219.1
Project("{FAE04EC0-301F-11D3-BF4B-00C04F79EFBC}") = "SerialRemote", "SerialRemote.csproj", "{81C5AB1C-AB38-4F6B-8A9B-870A5E89CEA7}"
EndProject
Global
	GlobalSection(SolutionConfigurationPlatforms) = preSolution
		Debug|Any CPU = Debug|Any CPU
		Release|Any CPU = Release|Any CPU
	EndGlobalSection
	GlobalSection(ProjectConfigurationPlatforms) = postSolution
		{81C5AB1C-AB38-4F6B-8A9B-870A5E89CEA7}.Debug|Any CPU.ActiveCfg = Debug|Any CPU
		{81C5AB1C-AB38-4F6B-8A9B-870A5E89CEA7}.Debug|Any CPU.Build.0 = Debug|Any CPU
		{81C5AB1C-AB38-4F6B-8A9B-870A5E89CEA7}.Release|Any CPU.ActiveCfg = Release|Any CPU
		{81C5AB1C-AB38-4F6B-8A9B-870A5E89CEA7}.Release|Any CPU.Build.0 = Release|Any CPU
	EndGlobalSection
	GlobalSection(SolutionProperties) = preSolution
		HideSolutionNode = FALSE
	EndGlobalSection
	GlobalSection(ExtensibilityGlobals) = postSolution
		SolutionGuid = {27AF9778-DCA3-44A4-8D8F-8C5DAA78C287}
	EndGlobalSection
EndGlobal
